
Microsoft Visual Studio Solution File, Format Version 12.00
# Visual Studio Version 16
VisualStudioVersion = 16.0.810.11
MinimumVisualStudioVersion = 10.0.40219.1
Project("{FAE04EC0-301F-11D3-BF4B-00C04F79EFBC}") = "Appcenter2.Android", "Appcenter2.Android\Appcenter2.Android.csproj", "{44241330-8E9F-43EE-AC6F-B45AC968A96C}"
EndProject
Project("{FAE04EC0-301F-11D3-BF4B-00C04F79EFBC}") = "Appcenter2.iOS", "Appcenter2.iOS\Appcenter2.iOS.csproj", "{E6124631-E89A-4668-AE94-7C1B4C97732A}"
EndProject
Project("{FAE04EC0-301F-11D3-BF4B-00C04F79EFBC}") = "Appcenter2", "Appcenter2\Appcenter2.csproj", "{BFEB16AD-3360-49DA-8463-2D8CF162448E}"
EndProject
Global
	GlobalSection(SolutionConfigurationPlatforms) = preSolution
		Debug|Any CPU = Debug|Any CPU
		Release|Any CPU = Release|Any CPU
		Debug|iPhoneSimulator = Debug|iPhoneSimulator
		Release|iPhoneSimulator = Release|iPhoneSimulator
		Debug|iPhone = Debug|iPhone
		Release|iPhone = Release|iPhone
	EndGlobalSection
	GlobalSection(ProjectConfigurationPlatforms) = postSolution
		{44241330-8E9F-43EE-AC6F-B45AC968A96C}.Debug|Any CPU.ActiveCfg = Debug|Any CPU
		{44241330-8E9F-43EE-AC6F-B45AC968A96C}.Debug|Any CPU.Build.0 = Debug|Any CPU
		{44241330-8E9F-43EE-AC6F-B45AC968A96C}.Release|Any CPU.ActiveCfg = Release|Any CPU
		{44241330-8E9F-43EE-AC6F-B45AC968A96C}.Release|Any CPU.Build.0 = Release|Any CPU
		{44241330-8E9F-43EE-AC6F-B45AC968A96C}.Debug|iPhoneSimulator.ActiveCfg = Debug|Any CPU
		{44241330-8E9F-43EE-AC6F-B45AC968A96C}.Debug|iPhoneSimulator.Build.0 = Debug|Any CPU
		{44241330-8E9F-43EE-AC6F-B45AC968A96C}.Release|iPhoneSimulator.ActiveCfg = Release|Any CPU
		{44241330-8E9F-43EE-AC6F-B45AC968A96C}.Release|iPhoneSimulator.Build.0 = Release|Any CPU
		{44241330-8E9F-43EE-AC6F-B45AC968A96C}.Debug|iPhone.ActiveCfg = Debug|Any CPU
		{44241330-8E9F-43EE-AC6F-B45AC968A96C}.Debug|iPhone.Build.0 = Debug|Any CPU
		{44241330-8E9F-43EE-AC6F-B45AC968A96C}.Release|iPhone.ActiveCfg = Release|Any CPU
		{44241330-8E9F-43EE-AC6F-B45AC968A96C}.Release|iPhone.Build.0 = Release|Any CPU
		{E6124631-E89A-4668-AE94-7C1B4C97732A}.Debug|Any CPU.ActiveCfg = Debug|iPhoneSimulator
		{E6124631-E89A-4668-AE94-7C1B4C97732A}.Debug|Any CPU.Build.0 = Debug|iPhoneSimulator
		{E6124631-E89A-4668-AE94-7C1B4C97732A}.Release|Any CPU.ActiveCfg = Release|iPhoneSimulator
		{E6124631-E89A-4668-AE94-7C1B4C97732A}.Release|Any CPU.Build.0 = Release|iPhoneSimulator
		{E6124631-E89A-4668-AE94-7C1B4C97732A}.Debug|iPhoneSimulator.ActiveCfg = Debug|iPhoneSimulator
		{E6124631-E89A-4668-AE94-7C1B4C97732A}.Debug|iPhoneSimulator.Build.0 = Debug|iPhoneSimulator
		{E6124631-E89A-4668-AE94-7C1B4C97732A}.Release|iPhoneSimulator.ActiveCfg = Release|iPhoneSimulator
		{E6124631-E89A-4668-AE94-7C1B4C97732A}.Release|iPhoneSimulator.Build.0 = Release|iPhoneSimulator
		{E6124631-E89A-4668-AE94-7C1B4C97732A}.Debug|iPhone.ActiveCfg = Debug|iPhone
		{E6124631-E89A-4668-AE94-7C1B4C97732A}.Debug|iPhone.Build.0 = Debug|iPhone
		{E6124631-E89A-4668-AE94-7C1B4C97732A}.Release|iPhone.ActiveCfg = Release|iPhone
		{E6124631-E89A-4668-AE94-7C1B4C97732A}.Release|iPhone.Build.0 = Release|iPhone
		{BFEB16AD-3360-49DA-8463-2D8CF162448E}.Debug|Any CPU.ActiveCfg = Debug|Any CPU
		{BFEB16AD-3360-49DA-8463-2D8CF162448E}.Debug|Any CPU.Build.0 = Debug|Any CPU
		{BFEB16AD-3360-49DA-8463-2D8CF162448E}.Release|Any CPU.ActiveCfg = Release|Any CPU
		{BFEB16AD-3360-49DA-8463-2D8CF162448E}.Release|Any CPU.Build.0 = Release|Any CPU
		{BFEB16AD-3360-49DA-8463-2D8CF162448E}.Debug|iPhoneSimulator.ActiveCfg = Debug|Any CPU
		{BFEB16AD-3360-49DA-8463-2D8CF162448E}.Debug|iPhoneSimulator.Build.0 = Debug|Any CPU
		{BFEB16AD-3360-49DA-8463-2D8CF162448E}.Release|iPhoneSimulator.ActiveCfg = Release|Any CPU
		{BFEB16AD-3360-49DA-8463-2D8CF162448E}.Release|iPhoneSimulator.Build.0 = Release|Any CPU
		{BFEB16AD-3360-49DA-8463-2D8CF162448E}.Debug|iPhone.ActiveCfg = Debug|Any CPU
		{BFEB16AD-3360-49DA-8463-2D8CF162448E}.Debug|iPhone.Build.0 = Debug|Any CPU
		{BFEB16AD-3360-49DA-8463-2D8CF162448E}.Release|iPhone.ActiveCfg = Release|Any CPU
		{BFEB16AD-3360-49DA-8463-2D8CF162448E}.Release|iPhone.Build.0 = Release|Any CPU
	EndGlobalSection
	GlobalSection(SolutionProperties) = preSolution
		HideSolutionNode = FALSE
	EndGlobalSection
	GlobalSection(ExtensibilityGlobals) = postSolution
		SolutionGuid = {97B625F5-E9BD-4A35-90F7-053738BA7B1A}
	EndGlobalSection
EndGlobal
